
Microsoft Visual Studio Solution File, Format Version 12.00
# Visual Studio Version 17
VisualStudioVersion = 17.11.34909.67
MinimumVisualStudioVersion = 10.0.40219.1
Project("{FAE04EC0-301F-11D3-BF4B-00C04F79EFBC}") = "WebApplication10", "WebApplication10\WebApplication10.csproj", "{97116D8C-7184-4781-B6DE-53460F3A7316}"
EndProject
Global
	GlobalSection(SolutionConfigurationPlatforms) = preSolution
		Debug|Any CPU = Debug|Any CPU
		Release|Any CPU = Release|Any CPU
	EndGlobalSection
	GlobalSection(ProjectConfigurationPlatforms) = postSolution
		{97116D8C-7184-4781-B6DE-53460F3A7316}.Debug|Any CPU.ActiveCfg = Debug|Any CPU
		{97116D8C-7184-4781-B6DE-53460F3A7316}.Debug|Any CPU.Build.0 = Debug|Any CPU
		{97116D8C-7184-4781-B6DE-53460F3A7316}.Release|Any CPU.ActiveCfg = Release|Any CPU
		{97116D8C-7184-4781-B6DE-53460F3A7316}.Release|Any CPU.Build.0 = Release|Any CPU
	EndGlobalSection
	GlobalSection(SolutionProperties) = preSolution
		HideSolutionNode = FALSE
	EndGlobalSection
	GlobalSection(ExtensibilityGlobals) = postSolution
		SolutionGuid = {7041F9F8-C2A3-4793-8DB4-42FE6DCFC840}
	EndGlobalSection
EndGlobal
